// !$*UTF8*$!
{
	archiveVersion = 1;
	classes = {
	};
	objectVersion = 55;
	objects = {

/* Begin PBXBuildFile section */
		F20C16D9286C0C1000074AF0 /* Tests_iOS.swift in Sources */ = {isa = PBXBuildFile; fileRef = F20C16D8286C0C1000074AF0 /* Tests_iOS.swift */; };
		F20C16DB286C0C1000074AF0 /* Tests_iOSLaunchTests.swift in Sources */ = {isa = PBXBuildFile; fileRef = F20C16DA286C0C1000074AF0 /* Tests_iOSLaunchTests.swift */; };
		F20C16E5286C0C1000074AF0 /* Tests_macOS.swift in Sources */ = {isa = PBXBuildFile; fileRef = F20C16E4286C0C1000074AF0 /* Tests_macOS.swift */; };
		F20C16E7286C0C1000074AF0 /* Tests_macOSLaunchTests.swift in Sources */ = {isa = PBXBuildFile; fileRef = F20C16E6286C0C1000074AF0 /* Tests_macOSLaunchTests.swift */; };
		F20C16E8286C0C1000074AF0 /* NeedleMeno.xcdatamodeld in Sources */ = {isa = PBXBuildFile; fileRef = F20C16BD286C0C0F00074AF0 /* NeedleMeno.xcdatamodeld */; };
		F20C16E9286C0C1000074AF0 /* NeedleMeno.xcdatamodeld in Sources */ = {isa = PBXBuildFile; fileRef = F20C16BD286C0C0F00074AF0 /* NeedleMeno.xcdatamodeld */; };
		F20C16EA286C0C1000074AF0 /* NeedleMenoApp.swift in Sources */ = {isa = PBXBuildFile; fileRef = F20C16BF286C0C0F00074AF0 /* NeedleMenoApp.swift */; };
		F20C16EB286C0C1000074AF0 /* NeedleMenoApp.swift in Sources */ = {isa = PBXBuildFile; fileRef = F20C16BF286C0C0F00074AF0 /* NeedleMenoApp.swift */; };
		F20C16EC286C0C1000074AF0 /* ContentView.swift in Sources */ = {isa = PBXBuildFile; fileRef = F20C16C0286C0C0F00074AF0 /* ContentView.swift */; };
		F20C16ED286C0C1000074AF0 /* ContentView.swift in Sources */ = {isa = PBXBuildFile; fileRef = F20C16C0286C0C0F00074AF0 /* ContentView.swift */; };
		F20C16EE286C0C1000074AF0 /* Persistence.swift in Sources */ = {isa = PBXBuildFile; fileRef = F20C16C1286C0C0F00074AF0 /* Persistence.swift */; };
		F20C16EF286C0C1000074AF0 /* Persistence.swift in Sources */ = {isa = PBXBuildFile; fileRef = F20C16C1286C0C0F00074AF0 /* Persistence.swift */; };
		F20C16F0286C0C1000074AF0 /* Assets.xcassets in Resources */ = {isa = PBXBuildFile; fileRef = F20C16C2286C0C1000074AF0 /* Assets.xcassets */; };
		F20C16F1286C0C1000074AF0 /* Assets.xcassets in Resources */ = {isa = PBXBuildFile; fileRef = F20C16C2286C0C1000074AF0 /* Assets.xcassets */; };
		F20C1702286C0F3100074AF0 /* NeedleFoundation in Frameworks */ = {isa = PBXBuildFile; productRef = F20C1701286C0F3100074AF0 /* NeedleFoundation */; };
		F20C1704286C0F3100074AF0 /* NeedleFoundationTest in Frameworks */ = {isa = PBXBuildFile; productRef = F20C1703286C0F3100074AF0 /* NeedleFoundationTest */; };
/* End PBXBuildFile section */

/* Begin PBXContainerItemProxy section */
		F20C16D5286C0C1000074AF0 /* PBXContainerItemProxy */ = {
			isa = PBXContainerItemProxy;
			containerPortal = F20C16B8286C0C0F00074AF0 /* Project object */;
			proxyType = 1;
			remoteGlobalIDString = F20C16C6286C0C1000074AF0;
			remoteInfo = "NeedleMeno (iOS)";
		};
		F20C16E1286C0C1000074AF0 /* PBXContainerItemProxy */ = {
			isa = PBXContainerItemProxy;
			containerPortal = F20C16B8286C0C0F00074AF0 /* Project object */;
			proxyType = 1;
			remoteGlobalIDString = F20C16CC286C0C1000074AF0;
			remoteInfo = "NeedleMeno (macOS)";
		};
/* End PBXContainerItemProxy section */

/* Begin PBXFileReference section */
		F20C16BE286C0C0F00074AF0 /* Shared.xcdatamodel */ = {isa = PBXFileReference; lastKnownFileType = wrapper.xcdatamodel; path = Shared.xcdatamodel; sourceTree = "<group>"; };
		F20C16BF286C0C0F00074AF0 /* NeedleMenoApp.swift */ = {isa = PBXFileReference; lastKnownFileType = sourcecode.swift; path = NeedleMenoApp.swift; sourceTree = "<group>"; };
		F20C16C0286C0C0F00074AF0 /* ContentView.swift */ = {isa = PBXFileReference; lastKnownFileType = sourcecode.swift; path = ContentView.swift; sourceTree = "<group>"; };
		F20C16C1286C0C0F00074AF0 /* Persistence.swift */ = {isa = PBXFileReference; lastKnownFileType = sourcecode.swift; path = Persistence.swift; sourceTree = "<group>"; };
		F20C16C2286C0C1000074AF0 /* Assets.xcassets */ = {isa = PBXFileReference; lastKnownFileType = folder.assetcatalog; path = Assets.xcassets; sourceTree = "<group>"; };
		F20C16C7286C0C1000074AF0 /* NeedleMeno.app */ = {isa = PBXFileReference; explicitFileType = wrapper.application; includeInIndex = 0; path = NeedleMeno.app; sourceTree = BUILT_PRODUCTS_DIR; };
		F20C16CD286C0C1000074AF0 /* NeedleMeno.app */ = {isa = PBXFileReference; explicitFileType = wrapper.application; includeInIndex = 0; path = NeedleMeno.app; sourceTree = BUILT_PRODUCTS_DIR; };
		F20C16CF286C0C1000074AF0 /* macOS.entitlements */ = {isa = PBXFileReference; lastKnownFileType = text.plist.entitlements; path = macOS.entitlements; sourceTree = "<group>"; };
		F20C16D4286C0C1000074AF0 /* Tests iOS.xctest */ = {isa = PBXFileReference; explicitFileType = wrapper.cfbundle; includeInIndex = 0; path = "Tests iOS.xctest"; sourceTree = BUILT_PRODUCTS_DIR; };
		F20C16D8286C0C1000074AF0 /* Tests_iOS.swift */ = {isa = PBXFileReference; lastKnownFileType = sourcecode.swift; path = Tests_iOS.swift; sourceTree = "<group>"; };
		F20C16DA286C0C1000074AF0 /* Tests_iOSLaunchTests.swift */ = {isa = PBXFileReference; lastKnownFileType = sourcecode.swift; path = Tests_iOSLaunchTests.swift; sourceTree = "<group>"; };
		F20C16E0286C0C1000074AF0 /* Tests macOS.xctest */ = {isa = PBXFileReference; explicitFileType = wrapper.cfbundle; includeInIndex = 0; path = "Tests macOS.xctest"; sourceTree = BUILT_PRODUCTS_DIR; };
		F20C16E4286C0C1000074AF0 /* Tests_macOS.swift */ = {isa = PBXFileReference; lastKnownFileType = sourcecode.swift; path = Tests_macOS.swift; sourceTree = "<group>"; };
		F20C16E6286C0C1000074AF0 /* Tests_macOSLaunchTests.swift */ = {isa = PBXFileReference; lastKnownFileType = sourcecode.swift; path = Tests_macOSLaunchTests.swift; sourceTree = "<group>"; };
/* End PBXFileReference section */

/* Begin PBXFrameworksBuildPhase section */
		F20C16C4286C0C1000074AF0 /* Frameworks */ = {
			isa = PBXFrameworksBuildPhase;
			buildActionMask = 2147483647;
			files = (
				F20C1704286C0F3100074AF0 /* NeedleFoundationTest in Frameworks */,
				F20C1702286C0F3100074AF0 /* NeedleFoundation in Frameworks */,
			);
			runOnlyForDeploymentPostprocessing = 0;
		};
		F20C16CA286C0C1000074AF0 /* Frameworks */ = {
			isa = PBXFrameworksBuildPhase;
			buildActionMask = 2147483647;
			files = (
			);
			runOnlyForDeploymentPostprocessing = 0;
		};
		F20C16D1286C0C1000074AF0 /* Frameworks */ = {
			isa = PBXFrameworksBuildPhase;
			buildActionMask = 2147483647;
			files = (
			);
			runOnlyForDeploymentPostprocessing = 0;
		};
		F20C16DD286C0C1000074AF0 /* Frameworks */ = {
			isa = PBXFrameworksBuildPhase;
			buildActionMask = 2147483647;
			files = (
			);
			runOnlyForDeploymentPostprocessing = 0;
		};
/* End PBXFrameworksBuildPhase section */

/* Begin PBXGroup section */
		F20C16B7286C0C0F00074AF0 = {
			isa = PBXGroup;
			children = (
				F20C16BC286C0C0F00074AF0 /* Shared */,
				F20C16CE286C0C1000074AF0 /* macOS */,
				F20C16D7286C0C1000074AF0 /* Tests iOS */,
				F20C16E3286C0C1000074AF0 /* Tests macOS */,
				F20C16C8286C0C1000074AF0 /* Products */,
			);
			sourceTree = "<group>";
		};
		F20C16BC286C0C0F00074AF0 /* Shared */ = {
			isa = PBXGroup;
			children = (
				F20C16BF286C0C0F00074AF0 /* NeedleMenoApp.swift */,
				F20C16C0286C0C0F00074AF0 /* ContentView.swift */,
				F20C16C1286C0C0F00074AF0 /* Persistence.swift */,
				F20C16C2286C0C1000074AF0 /* Assets.xcassets */,
				F20C16BD286C0C0F00074AF0 /* NeedleMeno.xcdatamodeld */,
			);
			path = Shared;
			sourceTree = "<group>";
		};
		F20C16C8286C0C1000074AF0 /* Products */ = {
			isa = PBXGroup;
			children = (
				F20C16C7286C0C1000074AF0 /* NeedleMeno.app */,
				F20C16CD286C0C1000074AF0 /* NeedleMeno.app */,
				F20C16D4286C0C1000074AF0 /* Tests iOS.xctest */,
				F20C16E0286C0C1000074AF0 /* Tests macOS.xctest */,
			);
			name = Products;
			sourceTree = "<group>";
		};
		F20C16CE286C0C1000074AF0 /* macOS */ = {
			isa = PBXGroup;
			children = (
				F20C16CF286C0C1000074AF0 /* macOS.entitlements */,
			);
			path = macOS;
			sourceTree = "<group>";
		};
		F20C16D7286C0C1000074AF0 /* Tests iOS */ = {
			isa = PBXGroup;
			children = (
				F20C16D8286C0C1000074AF0 /* Tests_iOS.swift */,
				F20C16DA286C0C1000074AF0 /* Tests_iOSLaunchTests.swift */,
			);
			path = "Tests iOS";
			sourceTree = "<group>";
		};
		F20C16E3286C0C1000074AF0 /* Tests macOS */ = {
			isa = PBXGroup;
			children = (
				F20C16E4286C0C1000074AF0 /* Tests_macOS.swift */,
				F20C16E6286C0C1000074AF0 /* Tests_macOSLaunchTests.swift */,
			);
			path = "Tests macOS";
			sourceTree = "<group>";
		};
/* End PBXGroup section */

/* Begin PBXNativeTarget section */
		F20C16C6286C0C1000074AF0 /* NeedleMeno (iOS) */ = {
			isa = PBXNativeTarget;
			buildConfigurationList = F20C16F4286C0C1000074AF0 /* Build configuration list for PBXNativeTarget "NeedleMeno (iOS)" */;
			buildPhases = (
				F20C16C3286C0C1000074AF0 /* Sources */,
				F20C16C4286C0C1000074AF0 /* Frameworks */,
				F20C16C5286C0C1000074AF0 /* Resources */,
			);
			buildRules = (
			);
			dependencies = (
			);
			name = "NeedleMeno (iOS)";
			packageProductDependencies = (
				F20C1701286C0F3100074AF0 /* NeedleFoundation */,
				F20C1703286C0F3100074AF0 /* NeedleFoundationTest */,
			);
			productName = "NeedleMeno (iOS)";
			productReference = F20C16C7286C0C1000074AF0 /* NeedleMeno.app */;
			productType = "com.apple.product-type.application";
		};
		F20C16CC286C0C1000074AF0 /* NeedleMeno (macOS) */ = {
			isa = PBXNativeTarget;
			buildConfigurationList = F20C16F7286C0C1000074AF0 /* Build configuration list for PBXNativeTarget "NeedleMeno (macOS)" */;
			buildPhases = (
				F20C16C9286C0C1000074AF0 /* Sources */,
				F20C16CA286C0C1000074AF0 /* Frameworks */,
				F20C16CB286C0C1000074AF0 /* Resources */,
			);
			buildRules = (
			);
			dependencies = (
			);
			name = "NeedleMeno (macOS)";
			productName = "NeedleMeno (macOS)";
			productReference = F20C16CD286C0C1000074AF0 /* NeedleMeno.app */;
			productType = "com.apple.product-type.application";
		};
		F20C16D3286C0C1000074AF0 /* Tests iOS */ = {
			isa = PBXNativeTarget;
			buildConfigurationList = F20C16FA286C0C1000074AF0 /* Build configuration list for PBXNativeTarget "Tests iOS" */;
			buildPhases = (
				F20C16D0286C0C1000074AF0 /* Sources */,
				F20C16D1286C0C1000074AF0 /* Frameworks */,
				F20C16D2286C0C1000074AF0 /* Resources */,
			);
			buildRules = (
			);
			dependencies = (
				F20C16D6286C0C1000074AF0 /* PBXTargetDependency */,
			);
			name = "Tests iOS";
			productName = "Tests iOS";
			productReference = F20C16D4286C0C1000074AF0 /* Tests iOS.xctest */;
			productType = "com.apple.product-type.bundle.ui-testing";
		};
		F20C16DF286C0C1000074AF0 /* Tests macOS */ = {
			isa = PBXNativeTarget;
			buildConfigurationList = F20C16FD286C0C1000074AF0 /* Build configuration list for PBXNativeTarget "Tests macOS" */;
			buildPhases = (
				F20C16DC286C0C1000074AF0 /* Sources */,
				F20C16DD286C0C1000074AF0 /* Frameworks */,
				F20C16DE286C0C1000074AF0 /* Resources */,
			);
			buildRules = (
			);
			dependencies = (
				F20C16E2286C0C1000074AF0 /* PBXTargetDependency */,
			);
			name = "Tests macOS";
			productName = "Tests macOS";
			productReference = F20C16E0286C0C1000074AF0 /* Tests macOS.xctest */;
			productType = "com.apple.product-type.bundle.ui-testing";
		};
/* End PBXNativeTarget section */

/* Begin PBXProject section */
		F20C16B8286C0C0F00074AF0 /* Project object */ = {
			isa = PBXProject;
			attributes = {
				BuildIndependentTargetsInParallel = 1;
				LastSwiftUpdateCheck = 1330;
				LastUpgradeCheck = 1330;
				TargetAttributes = {
					F20C16C6286C0C1000074AF0 = {
						CreatedOnToolsVersion = 13.3.1;
					};
					F20C16CC286C0C1000074AF0 = {
						CreatedOnToolsVersion = 13.3.1;
					};
					F20C16D3286C0C1000074AF0 = {
						CreatedOnToolsVersion = 13.3.1;
						TestTargetID = F20C16C6286C0C1000074AF0;
					};
					F20C16DF286C0C1000074AF0 = {
						CreatedOnToolsVersion = 13.3.1;
						TestTargetID = F20C16CC286C0C1000074AF0;
					};
				};
			};
			buildConfigurationList = F20C16BB286C0C0F00074AF0 /* Build configuration list for PBXProject "NeedleMeno" */;
			compatibilityVersion = "Xcode 13.0";
			developmentRegion = en;
			hasScannedForEncodings = 0;
			knownRegions = (
				en,
				Base,
			);
			mainGroup = F20C16B7286C0C0F00074AF0;
			packageReferences = (
				F20C1700286C0F3100074AF0 /* XCRemoteSwiftPackageReference "needle" */,
			);
			productRefGroup = F20C16C8286C0C1000074AF0 /* Products */;
			projectDirPath = "";
			projectRoot = "";
			targets = (
				F20C16C6286C0C1000074AF0 /* NeedleMeno (iOS) */,
				F20C16CC286C0C1000074AF0 /* NeedleMeno (macOS) */,
				F20C16D3286C0C1000074AF0 /* Tests iOS */,
				F20C16DF286C0C1000074AF0 /* Tests macOS */,
			);
		};
/* End PBXProject section */

/* Begin PBXResourcesBuildPhase section */
		F20C16C5286C0C1000074AF0 /* Resources */ = {
			isa = PBXResourcesBuildPhase;
			buildActionMask = 2147483647;
			files = (
				F20C16F0286C0C1000074AF0 /* Assets.xcassets in Resources */,
			);
			runOnlyForDeploymentPostprocessing = 0;
		};
		F20C16CB286C0C1000074AF0 /* Resources */ = {
			isa = PBXResourcesBuildPhase;
			buildActionMask = 2147483647;
			files = (
				F20C16F1286C0C1000074AF0 /* Assets.xcassets in Resources */,
			);
			runOnlyForDeploymentPostprocessing = 0;
		};
		F20C16D2286C0C1000074AF0 /* Resources */ = {
			isa = PBXResourcesBuildPhase;
			buildActionMask = 2147483647;
			files = (
			);
			runOnlyForDeploymentPostprocessing = 0;
		};
		F20C16DE286C0C1000074AF0 /* Resources */ = {
			isa = PBXResourcesBuildPhase;
			buildActionMask = 2147483647;
			files = (
			);
			runOnlyForDeploymentPostprocessing = 0;
		};
/* End PBXResourcesBuildPhase section */

/* Begin PBXSourcesBuildPhase section */
		F20C16C3286C0C1000074AF0 /* Sources */ = {
			isa = PBXSourcesBuildPhase;
			buildActionMask = 2147483647;
			files = (
				F20C16E8286C0C1000074AF0 /* NeedleMeno.xcdatamodeld in Sources */,
				F20C16EE286C0C1000074AF0 /* Persistence.swift in Sources */,
				F20C16EA286C0C1000074AF0 /* NeedleMenoApp.swift in Sources */,
				F20C16EC286C0C1000074AF0 /* ContentView.swift in Sources */,
			);
			runOnlyForDeploymentPostprocessing = 0;
		};
		F20C16C9286C0C1000074AF0 /* Sources */ = {
			isa = PBXSourcesBuildPhase;
			buildActionMask = 2147483647;
			files = (
				F20C16E9286C0C1000074AF0 /* NeedleMeno.xcdatamodeld in Sources */,
				F20C16EF286C0C1000074AF0 /* Persistence.swift in Sources */,
				F20C16EB286C0C1000074AF0 /* NeedleMenoApp.swift in Sources */,
				F20C16ED286C0C1000074AF0 /* ContentView.swift in Sources */,
			);
			runOnlyForDeploymentPostprocessing = 0;
		};
		F20C16D0286C0C1000074AF0 /* Sources */ = {
			isa = PBXSourcesBuildPhase;
			buildActionMask = 2147483647;
			files = (
				F20C16DB286C0C1000074AF0 /* Tests_iOSLaunchTests.swift in Sources */,
				F20C16D9286C0C1000074AF0 /* Tests_iOS.swift in Sources */,
			);
			runOnlyForDeploymentPostprocessing = 0;
		};
		F20C16DC286C0C1000074AF0 /* Sources */ = {
			isa = PBXSourcesBuildPhase;
			buildActionMask = 2147483647;
			files = (
				F20C16E7286C0C1000074AF0 /* Tests_macOSLaunchTests.swift in Sources */,
				F20C16E5286C0C1000074AF0 /* Tests_macOS.swift in Sources */,
			);
			runOnlyForDeploymentPostprocessing = 0;
		};
/* End PBXSourcesBuildPhase section */

/* Begin PBXTargetDependency section */
		F20C16D6286C0C1000074AF0 /* PBXTargetDependency */ = {
			isa = PBXTargetDependency;
			target = F20C16C6286C0C1000074AF0 /* NeedleMeno (iOS) */;
			targetProxy = F20C16D5286C0C1000074AF0 /* PBXContainerItemProxy */;
		};
		F20C16E2286C0C1000074AF0 /* PBXTargetDependency */ = {
			isa = PBXTargetDependency;
			target = F20C16CC286C0C1000074AF0 /* NeedleMeno (macOS) */;
			targetProxy = F20C16E1286C0C1000074AF0 /* PBXContainerItemProxy */;
		};
/* End PBXTargetDependency section */

/* Begin XCBuildConfiguration section */
		F20C16F2286C0C1000074AF0 /* Debug */ = {
			isa = XCBuildConfiguration;
			buildSettings = {
				ALWAYS_SEARCH_USER_PATHS = NO;
				CLANG_ANALYZER_NONNULL = YES;
				CLANG_ANALYZER_NUMBER_OBJECT_CONVERSION = YES_AGGRESSIVE;
				CLANG_CXX_LANGUAGE_STANDARD = "gnu++17";
				CLANG_ENABLE_MODULES = YES;
				CLANG_ENABLE_OBJC_ARC = YES;
				CLANG_ENABLE_OBJC_WEAK = YES;
				CLANG_WARN_BLOCK_CAPTURE_AUTORELEASING = YES;
				CLANG_WARN_BOOL_CONVERSION = YES;
				CLANG_WARN_COMMA = YES;
				CLANG_WARN_CONSTANT_CONVERSION = YES;
				CLANG_WARN_DEPRECATED_OBJC_IMPLEMENTATIONS = YES;
				CLANG_WARN_DIRECT_OBJC_ISA_USAGE = YES_ERROR;
				CLANG_WARN_DOCUMENTATION_COMMENTS = YES;
				CLANG_WARN_EMPTY_BODY = YES;
				CLANG_WARN_ENUM_CONVERSION = YES;
				CLANG_WARN_INFINITE_RECURSION = YES;
				CLANG_WARN_INT_CONVERSION = YES;
				CLANG_WARN_NON_LITERAL_NULL_CONVERSION = YES;
				CLANG_WARN_OBJC_IMPLICIT_RETAIN_SELF = YES;
				CLANG_WARN_OBJC_LITERAL_CONVERSION = YES;
				CLANG_WARN_OBJC_ROOT_CLASS = YES_ERROR;
				CLANG_WARN_QUOTED_INCLUDE_IN_FRAMEWORK_HEADER = YES;
				CLANG_WARN_RANGE_LOOP_ANALYSIS = YES;
				CLANG_WARN_STRICT_PROTOTYPES = YES;
				CLANG_WARN_SUSPICIOUS_MOVE = YES;
				CLANG_WARN_UNGUARDED_AVAILABILITY = YES_AGGRESSIVE;
				CLANG_WARN_UNREACHABLE_CODE = YES;
				CLANG_WARN__DUPLICATE_METHOD_MATCH = YES;
				COPY_PHASE_STRIP = NO;
				DEBUG_INFORMATION_FORMAT = dwarf;
				ENABLE_STRICT_OBJC_MSGSEND = YES;
				ENABLE_TESTABILITY = YES;
				GCC_C_LANGUAGE_STANDARD = gnu11;
				GCC_DYNAMIC_NO_PIC = NO;
				GCC_NO_COMMON_BLOCKS = YES;
				GCC_OPTIMIZATION_LEVEL = 0;
				GCC_PREPROCESSOR_DEFINITIONS = (
					"DEBUG=1",
					"$(inherited)",
				);
				GCC_WARN_64_TO_32_BIT_CONVERSION = YES;
				GCC_WARN_ABOUT_RETURN_TYPE = YES_ERROR;
				GCC_WARN_UNDECLARED_SELECTOR = YES;
				GCC_WARN_UNINITIALIZED_AUTOS = YES_AGGRESSIVE;
				GCC_WARN_UNUSED_FUNCTION = YES;
				GCC_WARN_UNUSED_VARIABLE = YES;
				MTL_ENABLE_DEBUG_INFO = INCLUDE_SOURCE;
				MTL_FAST_MATH = YES;
				ONLY_ACTIVE_ARCH = YES;
				SWIFT_ACTIVE_COMPILATION_CONDITIONS = DEBUG;
				SWIFT_OPTIMIZATION_LEVEL = "-Onone";
			};
			name = Debug;
		};
		F20C16F3286C0C1000074AF0 /* Release */ = {
			isa = XCBuildConfiguration;
			buildSettings = {
				ALWAYS_SEARCH_USER_PATHS = NO;
				CLANG_ANALYZER_NONNULL = YES;
				CLANG_ANALYZER_NUMBER_OBJECT_CONVERSION = YES_AGGRESSIVE;
				CLANG_CXX_LANGUAGE_STANDARD = "gnu++17";
				CLANG_ENABLE_MODULES = YES;
				CLANG_ENABLE_OBJC_ARC = YES;
				CLANG_ENABLE_OBJC_WEAK = YES;
				CLANG_WARN_BLOCK_CAPTURE_AUTORELEASING = YES;
				CLANG_WARN_BOOL_CONVERSION = YES;
				CLANG_WARN_COMMA = YES;
				CLANG_WARN_CONSTANT_CONVERSION = YES;
				CLANG_WARN_DEPRECATED_OBJC_IMPLEMENTATIONS = YES;
				CLANG_WARN_DIRECT_OBJC_ISA_USAGE = YES_ERROR;
				CLANG_WARN_DOCUMENTATION_COMMENTS = YES;
				CLANG_WARN_EMPTY_BODY = YES;
				CLANG_WARN_ENUM_CONVERSION = YES;
				CLANG_WARN_INFINITE_RECURSION = YES;
				CLANG_WARN_INT_CONVERSION = YES;
				CLANG_WARN_NON_LITERAL_NULL_CONVERSION = YES;
				CLANG_WARN_OBJC_IMPLICIT_RETAIN_SELF = YES;
				CLANG_WARN_OBJC_LITERAL_CONVERSION = YES;
				CLANG_WARN_OBJC_ROOT_CLASS = YES_ERROR;
				CLANG_WARN_QUOTED_INCLUDE_IN_FRAMEWORK_HEADER = YES;
				CLANG_WARN_RANGE_LOOP_ANALYSIS = YES;
				CLANG_WARN_STRICT_PROTOTYPES = YES;
				CLANG_WARN_SUSPICIOUS_MOVE = YES;
				CLANG_WARN_UNGUARDED_AVAILABILITY = YES_AGGRESSIVE;
				CLANG_WARN_UNREACHABLE_CODE = YES;
				CLANG_WARN__DUPLICATE_METHOD_MATCH = YES;
				COPY_PHASE_STRIP = NO;
				DEBUG_INFORMATION_FORMAT = "dwarf-with-dsym";
				ENABLE_NS_ASSERTIONS = NO;
				ENABLE_STRICT_OBJC_MSGSEND = YES;
				GCC_C_LANGUAGE_STANDARD = gnu11;
				GCC_NO_COMMON_BLOCKS = YES;
				GCC_WARN_64_TO_32_BIT_CONVERSION = YES;
				GCC_WARN_ABOUT_RETURN_TYPE = YES_ERROR;
				GCC_WARN_UNDECLARED_SELECTOR = YES;
				GCC_WARN_UNINITIALIZED_AUTOS = YES_AGGRESSIVE;
				GCC_WARN_UNUSED_FUNCTION = YES;
				GCC_WARN_UNUSED_VARIABLE = YES;
				MTL_ENABLE_DEBUG_INFO = NO;
				MTL_FAST_MATH = YES;
				SWIFT_COMPILATION_MODE = wholemodule;
				SWIFT_OPTIMIZATION_LEVEL = "-O";
			};
			name = Release;
		};
		F20C16F5286C0C1000074AF0 /* Debug */ = {
			isa = XCBuildConfiguration;
			buildSettings = {
				ASSETCATALOG_COMPILER_APPICON_NAME = AppIcon;
				ASSETCATALOG_COMPILER_GLOBAL_ACCENT_COLOR_NAME = AccentColor;
				CODE_SIGN_STYLE = Automatic;
				CURRENT_PROJECT_VERSION = 1;
				DEVELOPMENT_TEAM = 6U8M4ASV96;
				ENABLE_PREVIEWS = YES;
				GENERATE_INFOPLIST_FILE = YES;
				INFOPLIST_KEY_UIApplicationSceneManifest_Generation = YES;
				INFOPLIST_KEY_UIApplicationSupportsIndirectInputEvents = YES;
				INFOPLIST_KEY_UILaunchScreen_Generation = YES;
				INFOPLIST_KEY_UISupportedInterfaceOrientations_iPad = "UIInterfaceOrientationPortrait UIInterfaceOrientationPortraitUpsideDown UIInterfaceOrientationLandscapeLeft UIInterfaceOrientationLandscapeRight";
				INFOPLIST_KEY_UISupportedInterfaceOrientations_iPhone = "UIInterfaceOrientationPortrait UIInterfaceOrientationLandscapeLeft UIInterfaceOrientationLandscapeRight";
				IPHONEOS_DEPLOYMENT_TARGET = 15.4;
				LD_RUNPATH_SEARCH_PATHS = (
					"$(inherited)",
					"@executable_path/Frameworks",
				);
				MARKETING_VERSION = 1.0;
				PRODUCT_BUNDLE_IDENTIFIER = hyopang.world.NeedleMeno;
				PRODUCT_NAME = NeedleMeno;
				SDKROOT = iphoneos;
				SWIFT_EMIT_LOC_STRINGS = YES;
				SWIFT_VERSION = 5.0;
				TARGETED_DEVICE_FAMILY = "1,2";
			};
			name = Debug;
		};
		F20C16F6286C0C1000074AF0 /* Release */ = {
			isa = XCBuildConfiguration;
			buildSettings = {
				ASSETCATALOG_COMPILER_APPICON_NAME = AppIcon;
				ASSETCATALOG_COMPILER_GLOBAL_ACCENT_COLOR_NAME = AccentColor;
				CODE_SIGN_STYLE = Automatic;
				CURRENT_PROJECT_VERSION = 1;
				DEVELOPMENT_TEAM = 6U8M4ASV96;
				ENABLE_PREVIEWS = YES;
				GENERATE_INFOPLIST_FILE = YES;
				INFOPLIST_KEY_UIApplicationSceneManifest_Generation = YES;
				INFOPLIST_KEY_UIApplicationSupportsIndirectInputEvents = YES;
				INFOPLIST_KEY_UILaunchScreen_Generation = YES;
				INFOPLIST_KEY_UISupportedInterfaceOrientations_iPad = "UIInterfaceOrientationPortrait UIInterfaceOrientationPortraitUpsideDown UIInterfaceOrientationLandscapeLeft UIInterfaceOrientationLandscapeRight";
				INFOPLIST_KEY_UISupportedInterfaceOrientations_iPhone = "UIInterfaceOrientationPortrait UIInterfaceOrientationLandscapeLeft UIInterfaceOrientationLandscapeRight";
				IPHONEOS_DEPLOYMENT_TARGET = 15.4;
				LD_RUNPATH_SEARCH_PATHS = (
					"$(inherited)",
					"@executable_path/Frameworks",
				);
				MARKETING_VERSION = 1.0;
				PRODUCT_BUNDLE_IDENTIFIER = hyopang.world.NeedleMeno;
				PRODUCT_NAME = NeedleMeno;
				SDKROOT = iphoneos;
				SWIFT_EMIT_LOC_STRINGS = YES;
				SWIFT_VERSION = 5.0;
				TARGETED_DEVICE_FAMILY = "1,2";
				VALIDATE_PRODUCT = YES;
			};
			name = Release;
		};
		F20C16F8286C0C1000074AF0 /* Debug */ = {
			isa = XCBuildConfiguration;
			buildSettings = {
				ASSETCATALOG_COMPILER_APPICON_NAME = AppIcon;
				ASSETCATALOG_COMPILER_GLOBAL_ACCENT_COLOR_NAME = AccentColor;
				CODE_SIGN_ENTITLEMENTS = macOS/macOS.entitlements;
				CODE_SIGN_STYLE = Automatic;
				COMBINE_HIDPI_IMAGES = YES;
				CURRENT_PROJECT_VERSION = 1;
				DEVELOPMENT_TEAM = 6U8M4ASV96;
				ENABLE_HARDENED_RUNTIME = YES;
				ENABLE_PREVIEWS = YES;
				GENERATE_INFOPLIST_FILE = YES;
				INFOPLIST_KEY_NSHumanReadableCopyright = "";
				LD_RUNPATH_SEARCH_PATHS = (
					"$(inherited)",
					"@executable_path/../Frameworks",
				);
				MACOSX_DEPLOYMENT_TARGET = 12.3;
				MARKETING_VERSION = 1.0;
				PRODUCT_BUNDLE_IDENTIFIER = hyopang.world.NeedleMeno;
				PRODUCT_NAME = NeedleMeno;
				SDKROOT = macosx;
				SWIFT_EMIT_LOC_STRINGS = YES;
				SWIFT_VERSION = 5.0;
			};
			name = Debug;
		};
		F20C16F9286C0C1000074AF0 /* Release */ = {
			isa = XCBuildConfiguration;
			buildSettings = {
				ASSETCATALOG_COMPILER_APPICON_NAME = AppIcon;
				ASSETCATALOG_COMPILER_GLOBAL_ACCENT_COLOR_NAME = AccentColor;
				CODE_SIGN_ENTITLEMENTS = macOS/macOS.entitlements;
				CODE_SIGN_STYLE = Automatic;
				COMBINE_HIDPI_IMAGES = YES;
				CURRENT_PROJECT_VERSION = 1;
				DEVELOPMENT_TEAM = 6U8M4ASV96;
				ENABLE_HARDENED_RUNTIME = YES;
				ENABLE_PREVIEWS = YES;
				GENERATE_INFOPLIST_FILE = YES;
				INFOPLIST_KEY_NSHumanReadableCopyright = "";
				LD_RUNPATH_SEARCH_PATHS = (
					"$(inherited)",
					"@executable_path/../Frameworks",
				);
				MACOSX_DEPLOYMENT_TARGET = 12.3;
				MARKETING_VERSION = 1.0;
				PRODUCT_BUNDLE_IDENTIFIER = hyopang.world.NeedleMeno;
				PRODUCT_NAME = NeedleMeno;
				SDKROOT = macosx;
				SWIFT_EMIT_LOC_STRINGS = YES;
				SWIFT_VERSION = 5.0;
			};
			name = Release;
		};
		F20C16FB286C0C1000074AF0 /* Debug */ = {
			isa = XCBuildConfiguration;
			buildSettings = {
				ALWAYS_EMBED_SWIFT_STANDARD_LIBRARIES = YES;
				CODE_SIGN_STYLE = Automatic;
				CURRENT_PROJECT_VERSION = 1;
				DEVELOPMENT_TEAM = 6U8M4ASV96;
				GENERATE_INFOPLIST_FILE = YES;
				IPHONEOS_DEPLOYMENT_TARGET = 15.4;
				MARKETING_VERSION = 1.0;
				PRODUCT_BUNDLE_IDENTIFIER = "hyopang.world.Tests-iOS";
				PRODUCT_NAME = "$(TARGET_NAME)";
				SDKROOT = iphoneos;
				SWIFT_EMIT_LOC_STRINGS = NO;
				SWIFT_VERSION = 5.0;
				TARGETED_DEVICE_FAMILY = "1,2";
				TEST_TARGET_NAME = "NeedleMeno (iOS)";
			};
			name = Debug;
		};
		F20C16FC286C0C1000074AF0 /* Release */ = {
			isa = XCBuildConfiguration;
			buildSettings = {
				ALWAYS_EMBED_SWIFT_STANDARD_LIBRARIES = YES;
				CODE_SIGN_STYLE = Automatic;
				CURRENT_PROJECT_VERSION = 1;
				DEVELOPMENT_TEAM = 6U8M4ASV96;
				GENERATE_INFOPLIST_FILE = YES;
				IPHONEOS_DEPLOYMENT_TARGET = 15.4;
				MARKETING_VERSION = 1.0;
				PRODUCT_BUNDLE_IDENTIFIER = "hyopang.world.Tests-iOS";
				PRODUCT_NAME = "$(TARGET_NAME)";
				SDKROOT = iphoneos;
				SWIFT_EMIT_LOC_STRINGS = NO;
				SWIFT_VERSION = 5.0;
				TARGETED_DEVICE_FAMILY = "1,2";
				TEST_TARGET_NAME = "NeedleMeno (iOS)";
				VALIDATE_PRODUCT = YES;
			};
			name = Release;
		};
		F20C16FE286C0C1000074AF0 /* Debug */ = {
			isa = XCBuildConfiguration;
			buildSettings = {
				ALWAYS_EMBED_SWIFT_STANDARD_LIBRARIES = YES;
				CODE_SIGN_STYLE = Automatic;
				CURRENT_PROJECT_VERSION = 1;
				DEVELOPMENT_TEAM = 6U8M4ASV96;
				GENERATE_INFOPLIST_FILE = YES;
				MACOSX_DEPLOYMENT_TARGET = 12.3;
				MARKETING_VERSION = 1.0;
				PRODUCT_BUNDLE_IDENTIFIER = "hyopang.world.Tests-macOS";
				PRODUCT_NAME = "$(TARGET_NAME)";
				SDKROOT = macosx;
				SWIFT_EMIT_LOC_STRINGS = NO;
				SWIFT_VERSION = 5.0;
				TEST_TARGET_NAME = "NeedleMeno (macOS)";
			};
			name = Debug;
		};
		F20C16FF286C0C1000074AF0 /* Release */ = {
			isa = XCBuildConfiguration;
			buildSettings = {
				ALWAYS_EMBED_SWIFT_STANDARD_LIBRARIES = YES;
				CODE_SIGN_STYLE = Automatic;
				CURRENT_PROJECT_VERSION = 1;
				DEVELOPMENT_TEAM = 6U8M4ASV96;
				GENERATE_INFOPLIST_FILE = YES;
				MACOSX_DEPLOYMENT_TARGET = 12.3;
				MARKETING_VERSION = 1.0;
				PRODUCT_BUNDLE_IDENTIFIER = "hyopang.world.Tests-macOS";
				PRODUCT_NAME = "$(TARGET_NAME)";
				SDKROOT = macosx;
				SWIFT_EMIT_LOC_STRINGS = NO;
				SWIFT_VERSION = 5.0;
				TEST_TARGET_NAME = "NeedleMeno (macOS)";
			};
			name = Release;
		};
/* End XCBuildConfiguration section */

/* Begin XCConfigurationList section */
		F20C16BB286C0C0F00074AF0 /* Build configuration list for PBXProject "NeedleMeno" */ = {
			isa = XCConfigurationList;
			buildConfigurations = (
				F20C16F2286C0C1000074AF0 /* Debug */,
				F20C16F3286C0C1000074AF0 /* Release */,
			);
			defaultConfigurationIsVisible = 0;
			defaultConfigurationName = Release;
		};
		F20C16F4286C0C1000074AF0 /* Build configuration list for PBXNativeTarget "NeedleMeno (iOS)" */ = {
			isa = XCConfigurationList;
			buildConfigurations = (
				F20C16F5286C0C1000074AF0 /* Debug */,
				F20C16F6286C0C1000074AF0 /* Release */,
			);
			defaultConfigurationIsVisible = 0;
			defaultConfigurationName = Release;
		};
		F20C16F7286C0C1000074AF0 /* Build configuration list for PBXNativeTarget "NeedleMeno (macOS)" */ = {
			isa = XCConfigurationList;
			buildConfigurations = (
				F20C16F8286C0C1000074AF0 /* Debug */,
				F20C16F9286C0C1000074AF0 /* Release */,
			);
			defaultConfigurationIsVisible = 0;
			defaultConfigurationName = Release;
		};
		F20C16FA286C0C1000074AF0 /* Build configuration list for PBXNativeTarget "Tests iOS" */ = {
			isa = XCConfigurationList;
			buildConfigurations = (
				F20C16FB286C0C1000074AF0 /* Debug */,
				F20C16FC286C0C1000074AF0 /* Release */,
			);
			defaultConfigurationIsVisible = 0;
			defaultConfigurationName = Release;
		};
		F20C16FD286C0C1000074AF0 /* Build configuration list for PBXNativeTarget "Tests macOS" */ = {
			isa = XCConfigurationList;
			buildConfigurations = (
				F20C16FE286C0C1000074AF0 /* Debug */,
				F20C16FF286C0C1000074AF0 /* Release */,
			);
			defaultConfigurationIsVisible = 0;
			defaultConfigurationName = Release;
		};
/* End XCConfigurationList section */

/* Begin XCRemoteSwiftPackageReference section */
		F20C1700286C0F3100074AF0 /* XCRemoteSwiftPackageReference "needle" */ = {
			isa = XCRemoteSwiftPackageReference;
			repositoryURL = "https://github.com/uber/needle";
			requirement = {
				branch = master;
				kind = branch;
			};
		};
/* End XCRemoteSwiftPackageReference section */

/* Begin XCSwiftPackageProductDependency section */
		F20C1701286C0F3100074AF0 /* NeedleFoundation */ = {
			isa = XCSwiftPackageProductDependency;
			package = F20C1700286C0F3100074AF0 /* XCRemoteSwiftPackageReference "needle" */;
			productName = NeedleFoundation;
		};
		F20C1703286C0F3100074AF0 /* NeedleFoundationTest */ = {
			isa = XCSwiftPackageProductDependency;
			package = F20C1700286C0F3100074AF0 /* XCRemoteSwiftPackageReference "needle" */;
			productName = NeedleFoundationTest;
		};
/* End XCSwiftPackageProductDependency section */

/* Begin XCVersionGroup section */
		F20C16BD286C0C0F00074AF0 /* NeedleMeno.xcdatamodeld */ = {
			isa = XCVersionGroup;
			children = (
				F20C16BE286C0C0F00074AF0 /* Shared.xcdatamodel */,
			);
			currentVersion = F20C16BE286C0C0F00074AF0 /* Shared.xcdatamodel */;
			path = NeedleMeno.xcdatamodeld;
			sourceTree = "<group>";
			versionGroupType = wrapper.xcdatamodel;
		};
/* End XCVersionGroup section */
	};
	rootObject = F20C16B8286C0C0F00074AF0 /* Project object */;
}
